
Microsoft Visual Studio Solution File, Format Version 12.00
# Visual Studio Version 17
VisualStudioVersion = 17.7.34018.315
MinimumVisualStudioVersion = 10.0.40219.1
Project("{FAE04EC0-301F-11D3-BF4B-00C04F79EFBC}") = "ResponsiJunpro", "ResponsiJunpro\ResponsiJunpro.csproj", "{D60B6D8F-D85B-4EF1-A8D3-E2AC0822A868}"
EndProject
Global
	GlobalSection(SolutionConfigurationPlatforms) = preSolution
		Debug|Any CPU = Debug|Any CPU
		Release|Any CPU = Release|Any CPU
	EndGlobalSection
	GlobalSection(ProjectConfigurationPlatforms) = postSolution
		{D60B6D8F-D85B-4EF1-A8D3-E2AC0822A868}.Debug|Any CPU.ActiveCfg = Debug|Any CPU
		{D60B6D8F-D85B-4EF1-A8D3-E2AC0822A868}.Debug|Any CPU.Build.0 = Debug|Any CPU
		{D60B6D8F-D85B-4EF1-A8D3-E2AC0822A868}.Release|Any CPU.ActiveCfg = Release|Any CPU
		{D60B6D8F-D85B-4EF1-A8D3-E2AC0822A868}.Release|Any CPU.Build.0 = Release|Any CPU
	EndGlobalSection
	GlobalSection(SolutionProperties) = preSolution
		HideSolutionNode = FALSE
	EndGlobalSection
	GlobalSection(ExtensibilityGlobals) = postSolution
		SolutionGuid = {30EF6E85-7CA5-4528-9B3E-0D2D5783F76F}
	EndGlobalSection
EndGlobal
